
Microsoft Visual Studio Solution File, Format Version 12.00
# Visual Studio Version 17
VisualStudioVersion = 17.0.31903.59
MinimumVisualStudioVersion = 10.0.40219.1
Project("{FAE04EC0-301F-11D3-BF4B-00C04F79EFBC}") = "Cms.Core", "Cms.Core\Cms.Core.csproj", "{5F457BDA-78B2-4770-AD90-4C0E8C5AE8E7}"
EndProject
Project("{FAE04EC0-301F-11D3-BF4B-00C04F79EFBC}") = "Cms.Infrastructure", "Cms.Infrastructure\Cms.Infrastructure.csproj", "{14B1DA65-A112-4266-A445-474A24DEBBCE}"
EndProject
Project("{FAE04EC0-301F-11D3-BF4B-00C04F79EFBC}") = "Cms.Api", "Cms.Api\Cms.Api.csproj", "{0DE33DBC-3468-4864-9135-0B00A523648B}"
EndProject
Global
	GlobalSection(SolutionConfigurationPlatforms) = preSolution
		Debug|Any CPU = Debug|Any CPU
		Release|Any CPU = Release|Any CPU
	EndGlobalSection
	GlobalSection(SolutionProperties) = preSolution
		HideSolutionNode = FALSE
	EndGlobalSection
	GlobalSection(ProjectConfigurationPlatforms) = postSolution
		{5F457BDA-78B2-4770-AD90-4C0E8C5AE8E7}.Debug|Any CPU.ActiveCfg = Debug|Any CPU
		{5F457BDA-78B2-4770-AD90-4C0E8C5AE8E7}.Debug|Any CPU.Build.0 = Debug|Any CPU
		{5F457BDA-78B2-4770-AD90-4C0E8C5AE8E7}.Release|Any CPU.ActiveCfg = Release|Any CPU
		{5F457BDA-78B2-4770-AD90-4C0E8C5AE8E7}.Release|Any CPU.Build.0 = Release|Any CPU
		{14B1DA65-A112-4266-A445-474A24DEBBCE}.Debug|Any CPU.ActiveCfg = Debug|Any CPU
		{14B1DA65-A112-4266-A445-474A24DEBBCE}.Debug|Any CPU.Build.0 = Debug|Any CPU
		{14B1DA65-A112-4266-A445-474A24DEBBCE}.Release|Any CPU.ActiveCfg = Release|Any CPU
		{14B1DA65-A112-4266-A445-474A24DEBBCE}.Release|Any CPU.Build.0 = Release|Any CPU
		{0DE33DBC-3468-4864-9135-0B00A523648B}.Debug|Any CPU.ActiveCfg = Debug|Any CPU
		{0DE33DBC-3468-4864-9135-0B00A523648B}.Debug|Any CPU.Build.0 = Debug|Any CPU
		{0DE33DBC-3468-4864-9135-0B00A523648B}.Release|Any CPU.ActiveCfg = Release|Any CPU
		{0DE33DBC-3468-4864-9135-0B00A523648B}.Release|Any CPU.Build.0 = Release|Any CPU
	EndGlobalSection
EndGlobal
